
Microsoft Visual Studio Solution File, Format Version 12.00
Project("{FAE04EC0-301F-11D3-BF4B-00C04F79EFBC}") = "Foreman.Api", "Foreman.Api\Foreman.Api.csproj", "{F76EE2EF-F01E-45B7-835B-0C9E56EC7C7D}"
EndProject
Project("{FAE04EC0-301F-11D3-BF4B-00C04F79EFBC}") = "Foreman.Core", "Foreman.Core\Foreman.Core.csproj", "{A152759E-0B5F-4631-BDEF-ED92E401ABF4}"
EndProject
Project("{FAE04EC0-301F-11D3-BF4B-00C04F79EFBC}") = "Foreman.Api.Migrations.PostgreSQL", "Foreman.Api.Migrations.PostgreSQL\Foreman.Api.Migrations.PostgreSQL.csproj", "{4743D995-41A8-4D3B-9CAF-160C59157391}"
EndProject
Global
	GlobalSection(SolutionConfigurationPlatforms) = preSolution
		Debug|Any CPU = Debug|Any CPU
		Release|Any CPU = Release|Any CPU
	EndGlobalSection
	GlobalSection(ProjectConfigurationPlatforms) = postSolution
		{F76EE2EF-F01E-45B7-835B-0C9E56EC7C7D}.Debug|Any CPU.ActiveCfg = Debug|Any CPU
		{F76EE2EF-F01E-45B7-835B-0C9E56EC7C7D}.Debug|Any CPU.Build.0 = Debug|Any CPU
		{F76EE2EF-F01E-45B7-835B-0C9E56EC7C7D}.Release|Any CPU.ActiveCfg = Release|Any CPU
		{F76EE2EF-F01E-45B7-835B-0C9E56EC7C7D}.Release|Any CPU.Build.0 = Release|Any CPU
		{A152759E-0B5F-4631-BDEF-ED92E401ABF4}.Debug|Any CPU.ActiveCfg = Debug|Any CPU
		{A152759E-0B5F-4631-BDEF-ED92E401ABF4}.Debug|Any CPU.Build.0 = Debug|Any CPU
		{A152759E-0B5F-4631-BDEF-ED92E401ABF4}.Release|Any CPU.ActiveCfg = Release|Any CPU
		{A152759E-0B5F-4631-BDEF-ED92E401ABF4}.Release|Any CPU.Build.0 = Release|Any CPU
		{4743D995-41A8-4D3B-9CAF-160C59157391}.Debug|Any CPU.ActiveCfg = Debug|Any CPU
		{4743D995-41A8-4D3B-9CAF-160C59157391}.Debug|Any CPU.Build.0 = Debug|Any CPU
		{4743D995-41A8-4D3B-9CAF-160C59157391}.Release|Any CPU.ActiveCfg = Release|Any CPU
		{4743D995-41A8-4D3B-9CAF-160C59157391}.Release|Any CPU.Build.0 = Release|Any CPU
	EndGlobalSection
EndGlobal
