
Microsoft Visual Studio Solution File, Format Version 12.00
Project("{FAE04EC0-301F-11D3-BF4B-00C04F79EFBC}") = "Steamfitter.Api", "Steamfitter.Api\Steamfitter.Api.csproj", "{F4047D97-1F7B-4B2D-8751-02C5AACF20FE}"
EndProject
Project("{FAE04EC0-301F-11D3-BF4B-00C04F79EFBC}") = "Steamfitter.Api.Data", "Steamfitter.Api.Data\Steamfitter.Api.Data.csproj", "{0C65D9CC-A91F-46D5-BC1A-19A658064836}"
EndProject
Project("{FAE04EC0-301F-11D3-BF4B-00C04F79EFBC}") = "Steamfitter.Api.Migrations.PostgreSQL", "Steamfitter.Api.Migrations.PostgreSQL\Steamfitter.Api.Migrations.PostgreSQL.csproj", "{9B0A7220-4E76-4D56-9AA0-2280A0238AA7}"
EndProject
Project("{FAE04EC0-301F-11D3-BF4B-00C04F79EFBC}") = "stackstorm.api.client", "..\stackstorm.api\Stackstorm.Api.Client\Stackstorm.Api.Client.csproj", "{9EA0CCBF-3084-4A34-94AA-30C01612EA77}"
EndProject
Project("{FAE04EC0-301F-11D3-BF4B-00C04F79EFBC}") = "stackstorm.connector", "..\stackstorm.api\Stackstorm.Connector\Stackstorm.Connector.csproj", "{2094EAB7-4039-4F91-A372-D8E444233F51}"
EndProject
Project("{FAE04EC0-301F-11D3-BF4B-00C04F79EFBC}") = "Bond", "Bond\Bond.csproj", "{7829E76A-C737-42C7-8046-7C05A00E31F8}"
EndProject
Global
	GlobalSection(SolutionConfigurationPlatforms) = preSolution
		Debug|Any CPU = Debug|Any CPU
		Release|Any CPU = Release|Any CPU
	EndGlobalSection
	GlobalSection(ProjectConfigurationPlatforms) = postSolution
		{F4047D97-1F7B-4B2D-8751-02C5AACF20FE}.Debug|Any CPU.ActiveCfg = Debug|Any CPU
		{F4047D97-1F7B-4B2D-8751-02C5AACF20FE}.Debug|Any CPU.Build.0 = Debug|Any CPU
		{F4047D97-1F7B-4B2D-8751-02C5AACF20FE}.Release|Any CPU.ActiveCfg = Release|Any CPU
		{F4047D97-1F7B-4B2D-8751-02C5AACF20FE}.Release|Any CPU.Build.0 = Release|Any CPU
		{0C65D9CC-A91F-46D5-BC1A-19A658064836}.Debug|Any CPU.ActiveCfg = Debug|Any CPU
		{0C65D9CC-A91F-46D5-BC1A-19A658064836}.Debug|Any CPU.Build.0 = Debug|Any CPU
		{0C65D9CC-A91F-46D5-BC1A-19A658064836}.Release|Any CPU.ActiveCfg = Release|Any CPU
		{0C65D9CC-A91F-46D5-BC1A-19A658064836}.Release|Any CPU.Build.0 = Release|Any CPU
		{9B0A7220-4E76-4D56-9AA0-2280A0238AA7}.Debug|Any CPU.ActiveCfg = Debug|Any CPU
		{9B0A7220-4E76-4D56-9AA0-2280A0238AA7}.Debug|Any CPU.Build.0 = Debug|Any CPU
		{9B0A7220-4E76-4D56-9AA0-2280A0238AA7}.Release|Any CPU.ActiveCfg = Release|Any CPU
		{9B0A7220-4E76-4D56-9AA0-2280A0238AA7}.Release|Any CPU.Build.0 = Release|Any CPU
		{9EA0CCBF-3084-4A34-94AA-30C01612EA77}.Debug|Any CPU.ActiveCfg = Debug|Any CPU
		{9EA0CCBF-3084-4A34-94AA-30C01612EA77}.Debug|Any CPU.Build.0 = Debug|Any CPU
		{9EA0CCBF-3084-4A34-94AA-30C01612EA77}.Release|Any CPU.ActiveCfg = Release|Any CPU
		{9EA0CCBF-3084-4A34-94AA-30C01612EA77}.Release|Any CPU.Build.0 = Release|Any CPU
		{2094EAB7-4039-4F91-A372-D8E444233F51}.Debug|Any CPU.ActiveCfg = Debug|Any CPU
		{2094EAB7-4039-4F91-A372-D8E444233F51}.Debug|Any CPU.Build.0 = Debug|Any CPU
		{2094EAB7-4039-4F91-A372-D8E444233F51}.Release|Any CPU.ActiveCfg = Release|Any CPU
		{2094EAB7-4039-4F91-A372-D8E444233F51}.Release|Any CPU.Build.0 = Release|Any CPU
		{7829E76A-C737-42C7-8046-7C05A00E31F8}.Debug|Any CPU.ActiveCfg = Debug|Any CPU
		{7829E76A-C737-42C7-8046-7C05A00E31F8}.Debug|Any CPU.Build.0 = Debug|Any CPU
		{7829E76A-C737-42C7-8046-7C05A00E31F8}.Release|Any CPU.ActiveCfg = Release|Any CPU
		{7829E76A-C737-42C7-8046-7C05A00E31F8}.Release|Any CPU.Build.0 = Release|Any CPU
	EndGlobalSection
EndGlobal
