
Microsoft Visual Studio Solution File, Format Version 12.00
# Visual Studio 15
VisualStudioVersion = 15.0.27004.2009
MinimumVisualStudioVersion = 10.0.40219.1
Project("{9A19103F-16F7-4668-BE54-9A1E7A4F7556}") = "S3.VM.Api", "S3.VM.Api\S3.VM.Api.csproj", "{E38260F6-5937-4744-9709-FAC0604817FC}"
EndProject
Project("{9A19103F-16F7-4668-BE54-9A1E7A4F7556}") = "S3.VM.Api.Migrations.PostgreSQL", "S3.VM.Api.Migrations.PostgreSQL\S3.VM.Api.Migrations.PostgreSQL.csproj", "{342C5AB9-E6B8-4A1B-A2C4-30DA0733627A}"
EndProject
Project("{9A19103F-16F7-4668-BE54-9A1E7A4F7556}") = "S3.VM.Api.Data", "S3.VM.Api.Data\S3.VM.Api.Data.csproj", "{D95717A5-68A5-41B3-9004-6A66A57A0034}"
EndProject
Global
	GlobalSection(SolutionConfigurationPlatforms) = preSolution
		Debug|Any CPU = Debug|Any CPU
		Release|Any CPU = Release|Any CPU
	EndGlobalSection
	GlobalSection(ProjectConfigurationPlatforms) = postSolution
		{E38260F6-5937-4744-9709-FAC0604817FC}.Debug|Any CPU.ActiveCfg = Debug|Any CPU
		{E38260F6-5937-4744-9709-FAC0604817FC}.Debug|Any CPU.Build.0 = Debug|Any CPU
		{E38260F6-5937-4744-9709-FAC0604817FC}.Release|Any CPU.ActiveCfg = Release|Any CPU
		{E38260F6-5937-4744-9709-FAC0604817FC}.Release|Any CPU.Build.0 = Release|Any CPU
		{342C5AB9-E6B8-4A1B-A2C4-30DA0733627A}.Debug|Any CPU.ActiveCfg = Debug|Any CPU
		{342C5AB9-E6B8-4A1B-A2C4-30DA0733627A}.Debug|Any CPU.Build.0 = Debug|Any CPU
		{342C5AB9-E6B8-4A1B-A2C4-30DA0733627A}.Release|Any CPU.ActiveCfg = Release|Any CPU
		{342C5AB9-E6B8-4A1B-A2C4-30DA0733627A}.Release|Any CPU.Build.0 = Release|Any CPU
		{D95717A5-68A5-41B3-9004-6A66A57A0034}.Debug|Any CPU.ActiveCfg = Debug|Any CPU
		{D95717A5-68A5-41B3-9004-6A66A57A0034}.Debug|Any CPU.Build.0 = Debug|Any CPU
		{D95717A5-68A5-41B3-9004-6A66A57A0034}.Release|Any CPU.ActiveCfg = Release|Any CPU
		{D95717A5-68A5-41B3-9004-6A66A57A0034}.Release|Any CPU.Build.0 = Release|Any CPU
	EndGlobalSection
	GlobalSection(SolutionProperties) = preSolution
		HideSolutionNode = FALSE
	EndGlobalSection
	GlobalSection(ExtensibilityGlobals) = postSolution
		SolutionGuid = {69800595-FCE1-47EA-8D50-5E36A8E4C9F2}
	EndGlobalSection
EndGlobal
